
Microsoft Visual Studio Solution File, Format Version 12.00
# Visual Studio Version 17
VisualStudioVersion = 17.0.32126.317
MinimumVisualStudioVersion = 10.0.40219.1
Project("{888888A0-9F3D-457C-B088-3A5042F75D52}") = "Task_Week8", "Task_Week8\Task_Week8.pyproj", "{CED008E2-93DC-40BC-81A9-AE5670DA1336}"
EndProject
Global
	GlobalSection(SolutionConfigurationPlatforms) = preSolution
		Debug|Any CPU = Debug|Any CPU
		Release|Any CPU = Release|Any CPU
	EndGlobalSection
	GlobalSection(ProjectConfigurationPlatforms) = postSolution
		{CED008E2-93DC-40BC-81A9-AE5670DA1336}.Debug|Any CPU.ActiveCfg = Debug|Any CPU
		{CED008E2-93DC-40BC-81A9-AE5670DA1336}.Release|Any CPU.ActiveCfg = Release|Any CPU
	EndGlobalSection
	GlobalSection(SolutionProperties) = preSolution
		HideSolutionNode = FALSE
	EndGlobalSection
	GlobalSection(ExtensibilityGlobals) = postSolution
		SolutionGuid = {931CD2C2-92FC-4FC7-9F18-1E020F37FC07}
	EndGlobalSection
EndGlobal
